
Microsoft Visual Studio Solution File, Format Version 12.00
# Visual Studio 15
VisualStudioVersion = 15.0.27703.2035
MinimumVisualStudioVersion = 10.0.40219.1
Project("{FAE04EC0-301F-11D3-BF4B-00C04F79EFBC}") = "Common", "Common\Common.csproj", "{01526205-24BB-488E-8F33-D78ED82E8CA1}"
EndProject
Project("{FAE04EC0-301F-11D3-BF4B-00C04F79EFBC}") = "FinisarFAS1", "FinisarFAS1\FinisarFAS1.csproj", "{49FE6623-97D0-43C3-A291-11F857316B51}"
EndProject
Project("{FAE04EC0-301F-11D3-BF4B-00C04F79EFBC}") = "MESCommunications", "MESCommunications\MESCommunications.csproj", "{E58DFEBE-5129-4361-B952-4FF8516795D1}"
EndProject
Project("{FAE04EC0-301F-11D3-BF4B-00C04F79EFBC}") = "ToolService", "ToolService\ToolService.csproj", "{49D1823D-3BC3-4118-96E1-F60F2E50E970}"
EndProject
Project("{FAE04EC0-301F-11D3-BF4B-00C04F79EFBC}") = "ToolService.UnitTests", "ToolService.UnitTests\ToolService.UnitTests.csproj", "{5BAB60E1-E4E5-4C1C-82F7-E36EF5E6FF46}"
EndProject
Project("{FAE04EC0-301F-11D3-BF4B-00C04F79EFBC}") = "MESCommunications.UnitTests", "MESCommunications.UnitTests\MESCommunications.UnitTests.csproj", "{927550EC-F765-43A4-A4AD-1BED6BC7D6B8}"
EndProject
Project("{FAE04EC0-301F-11D3-BF4B-00C04F79EFBC}") = "XMLConfiguration.UnitTests", "XMLConfiguration.UnitTests\XMLConfiguration.UnitTests.csproj", "{4CEBBC54-2C3F-46E9-9C75-7ECEDE952036}"
EndProject
Global
	GlobalSection(SolutionConfigurationPlatforms) = preSolution
		Debug|Any CPU = Debug|Any CPU
		Debug|ARM = Debug|ARM
		Debug|ARM64 = Debug|ARM64
		Debug|x64 = Debug|x64
		Debug|x86 = Debug|x86
		Release|Any CPU = Release|Any CPU
		Release|ARM = Release|ARM
		Release|ARM64 = Release|ARM64
		Release|x64 = Release|x64
		Release|x86 = Release|x86
	EndGlobalSection
	GlobalSection(ProjectConfigurationPlatforms) = postSolution
		{01526205-24BB-488E-8F33-D78ED82E8CA1}.Debug|Any CPU.ActiveCfg = Debug|Any CPU
		{01526205-24BB-488E-8F33-D78ED82E8CA1}.Debug|Any CPU.Build.0 = Debug|Any CPU
		{01526205-24BB-488E-8F33-D78ED82E8CA1}.Debug|ARM.ActiveCfg = Debug|Any CPU
		{01526205-24BB-488E-8F33-D78ED82E8CA1}.Debug|ARM.Build.0 = Debug|Any CPU
		{01526205-24BB-488E-8F33-D78ED82E8CA1}.Debug|ARM64.ActiveCfg = Debug|Any CPU
		{01526205-24BB-488E-8F33-D78ED82E8CA1}.Debug|ARM64.Build.0 = Debug|Any CPU
		{01526205-24BB-488E-8F33-D78ED82E8CA1}.Debug|x64.ActiveCfg = Debug|Any CPU
		{01526205-24BB-488E-8F33-D78ED82E8CA1}.Debug|x64.Build.0 = Debug|Any CPU
		{01526205-24BB-488E-8F33-D78ED82E8CA1}.Debug|x86.ActiveCfg = Debug|Any CPU
		{01526205-24BB-488E-8F33-D78ED82E8CA1}.Debug|x86.Build.0 = Debug|Any CPU
		{01526205-24BB-488E-8F33-D78ED82E8CA1}.Release|Any CPU.ActiveCfg = Release|Any CPU
		{01526205-24BB-488E-8F33-D78ED82E8CA1}.Release|Any CPU.Build.0 = Release|Any CPU
		{01526205-24BB-488E-8F33-D78ED82E8CA1}.Release|ARM.ActiveCfg = Release|Any CPU
		{01526205-24BB-488E-8F33-D78ED82E8CA1}.Release|ARM.Build.0 = Release|Any CPU
		{01526205-24BB-488E-8F33-D78ED82E8CA1}.Release|ARM64.ActiveCfg = Release|Any CPU
		{01526205-24BB-488E-8F33-D78ED82E8CA1}.Release|ARM64.Build.0 = Release|Any CPU
		{01526205-24BB-488E-8F33-D78ED82E8CA1}.Release|x64.ActiveCfg = Release|Any CPU
		{01526205-24BB-488E-8F33-D78ED82E8CA1}.Release|x64.Build.0 = Release|Any CPU
		{01526205-24BB-488E-8F33-D78ED82E8CA1}.Release|x86.ActiveCfg = Release|Any CPU
		{01526205-24BB-488E-8F33-D78ED82E8CA1}.Release|x86.Build.0 = Release|Any CPU
		{49FE6623-97D0-43C3-A291-11F857316B51}.Debug|Any CPU.ActiveCfg = Debug|Any CPU
		{49FE6623-97D0-43C3-A291-11F857316B51}.Debug|Any CPU.Build.0 = Debug|Any CPU
		{49FE6623-97D0-43C3-A291-11F857316B51}.Debug|ARM.ActiveCfg = Debug|Any CPU
		{49FE6623-97D0-43C3-A291-11F857316B51}.Debug|ARM.Build.0 = Debug|Any CPU
		{49FE6623-97D0-43C3-A291-11F857316B51}.Debug|ARM64.ActiveCfg = Debug|Any CPU
		{49FE6623-97D0-43C3-A291-11F857316B51}.Debug|ARM64.Build.0 = Debug|Any CPU
		{49FE6623-97D0-43C3-A291-11F857316B51}.Debug|x64.ActiveCfg = Debug|Any CPU
		{49FE6623-97D0-43C3-A291-11F857316B51}.Debug|x64.Build.0 = Debug|Any CPU
		{49FE6623-97D0-43C3-A291-11F857316B51}.Debug|x86.ActiveCfg = Debug|Any CPU
		{49FE6623-97D0-43C3-A291-11F857316B51}.Debug|x86.Build.0 = Debug|Any CPU
		{49FE6623-97D0-43C3-A291-11F857316B51}.Release|Any CPU.ActiveCfg = Release|Any CPU
		{49FE6623-97D0-43C3-A291-11F857316B51}.Release|Any CPU.Build.0 = Release|Any CPU
		{49FE6623-97D0-43C3-A291-11F857316B51}.Release|ARM.ActiveCfg = Release|Any CPU
		{49FE6623-97D0-43C3-A291-11F857316B51}.Release|ARM.Build.0 = Release|Any CPU
		{49FE6623-97D0-43C3-A291-11F857316B51}.Release|ARM64.ActiveCfg = Release|Any CPU
		{49FE6623-97D0-43C3-A291-11F857316B51}.Release|ARM64.Build.0 = Release|Any CPU
		{49FE6623-97D0-43C3-A291-11F857316B51}.Release|x64.ActiveCfg = Release|Any CPU
		{49FE6623-97D0-43C3-A291-11F857316B51}.Release|x64.Build.0 = Release|Any CPU
		{49FE6623-97D0-43C3-A291-11F857316B51}.Release|x86.ActiveCfg = Release|Any CPU
		{49FE6623-97D0-43C3-A291-11F857316B51}.Release|x86.Build.0 = Release|Any CPU
		{E58DFEBE-5129-4361-B952-4FF8516795D1}.Debug|Any CPU.ActiveCfg = Debug|Any CPU
		{E58DFEBE-5129-4361-B952-4FF8516795D1}.Debug|Any CPU.Build.0 = Debug|Any CPU
		{E58DFEBE-5129-4361-B952-4FF8516795D1}.Debug|ARM.ActiveCfg = Debug|Any CPU
		{E58DFEBE-5129-4361-B952-4FF8516795D1}.Debug|ARM.Build.0 = Debug|Any CPU
		{E58DFEBE-5129-4361-B952-4FF8516795D1}.Debug|ARM64.ActiveCfg = Debug|Any CPU
		{E58DFEBE-5129-4361-B952-4FF8516795D1}.Debug|ARM64.Build.0 = Debug|Any CPU
		{E58DFEBE-5129-4361-B952-4FF8516795D1}.Debug|x64.ActiveCfg = Debug|Any CPU
		{E58DFEBE-5129-4361-B952-4FF8516795D1}.Debug|x64.Build.0 = Debug|Any CPU
		{E58DFEBE-5129-4361-B952-4FF8516795D1}.Debug|x86.ActiveCfg = Debug|Any CPU
		{E58DFEBE-5129-4361-B952-4FF8516795D1}.Debug|x86.Build.0 = Debug|Any CPU
		{E58DFEBE-5129-4361-B952-4FF8516795D1}.Release|Any CPU.ActiveCfg = Release|Any CPU
		{E58DFEBE-5129-4361-B952-4FF8516795D1}.Release|Any CPU.Build.0 = Release|Any CPU
		{E58DFEBE-5129-4361-B952-4FF8516795D1}.Release|ARM.ActiveCfg = Release|Any CPU
		{E58DFEBE-5129-4361-B952-4FF8516795D1}.Release|ARM.Build.0 = Release|Any CPU
		{E58DFEBE-5129-4361-B952-4FF8516795D1}.Release|ARM64.ActiveCfg = Release|Any CPU
		{E58DFEBE-5129-4361-B952-4FF8516795D1}.Release|ARM64.Build.0 = Release|Any CPU
		{E58DFEBE-5129-4361-B952-4FF8516795D1}.Release|x64.ActiveCfg = Release|Any CPU
		{E58DFEBE-5129-4361-B952-4FF8516795D1}.Release|x64.Build.0 = Release|Any CPU
		{E58DFEBE-5129-4361-B952-4FF8516795D1}.Release|x86.ActiveCfg = Release|Any CPU
		{E58DFEBE-5129-4361-B952-4FF8516795D1}.Release|x86.Build.0 = Release|Any CPU
		{49D1823D-3BC3-4118-96E1-F60F2E50E970}.Debug|Any CPU.ActiveCfg = Debug|Any CPU
		{49D1823D-3BC3-4118-96E1-F60F2E50E970}.Debug|Any CPU.Build.0 = Debug|Any CPU
		{49D1823D-3BC3-4118-96E1-F60F2E50E970}.Debug|ARM.ActiveCfg = Debug|Any CPU
		{49D1823D-3BC3-4118-96E1-F60F2E50E970}.Debug|ARM.Build.0 = Debug|Any CPU
		{49D1823D-3BC3-4118-96E1-F60F2E50E970}.Debug|ARM64.ActiveCfg = Debug|Any CPU
		{49D1823D-3BC3-4118-96E1-F60F2E50E970}.Debug|ARM64.Build.0 = Debug|Any CPU
		{49D1823D-3BC3-4118-96E1-F60F2E50E970}.Debug|x64.ActiveCfg = Debug|Any CPU
		{49D1823D-3BC3-4118-96E1-F60F2E50E970}.Debug|x64.Build.0 = Debug|Any CPU
		{49D1823D-3BC3-4118-96E1-F60F2E50E970}.Debug|x86.ActiveCfg = Debug|Any CPU
		{49D1823D-3BC3-4118-96E1-F60F2E50E970}.Debug|x86.Build.0 = Debug|Any CPU
		{49D1823D-3BC3-4118-96E1-F60F2E50E970}.Release|Any CPU.ActiveCfg = Release|Any CPU
		{49D1823D-3BC3-4118-96E1-F60F2E50E970}.Release|Any CPU.Build.0 = Release|Any CPU
		{49D1823D-3BC3-4118-96E1-F60F2E50E970}.Release|ARM.ActiveCfg = Release|Any CPU
		{49D1823D-3BC3-4118-96E1-F60F2E50E970}.Release|ARM.Build.0 = Release|Any CPU
		{49D1823D-3BC3-4118-96E1-F60F2E50E970}.Release|ARM64.ActiveCfg = Release|Any CPU
		{49D1823D-3BC3-4118-96E1-F60F2E50E970}.Release|ARM64.Build.0 = Release|Any CPU
		{49D1823D-3BC3-4118-96E1-F60F2E50E970}.Release|x64.ActiveCfg = Release|Any CPU
		{49D1823D-3BC3-4118-96E1-F60F2E50E970}.Release|x64.Build.0 = Release|Any CPU
		{49D1823D-3BC3-4118-96E1-F60F2E50E970}.Release|x86.ActiveCfg = Release|Any CPU
		{49D1823D-3BC3-4118-96E1-F60F2E50E970}.Release|x86.Build.0 = Release|Any CPU
		{5BAB60E1-E4E5-4C1C-82F7-E36EF5E6FF46}.Debug|Any CPU.ActiveCfg = Debug|Any CPU
		{5BAB60E1-E4E5-4C1C-82F7-E36EF5E6FF46}.Debug|Any CPU.Build.0 = Debug|Any CPU
		{5BAB60E1-E4E5-4C1C-82F7-E36EF5E6FF46}.Debug|ARM.ActiveCfg = Debug|Any CPU
		{5BAB60E1-E4E5-4C1C-82F7-E36EF5E6FF46}.Debug|ARM.Build.0 = Debug|Any CPU
		{5BAB60E1-E4E5-4C1C-82F7-E36EF5E6FF46}.Debug|ARM64.ActiveCfg = Debug|Any CPU
		{5BAB60E1-E4E5-4C1C-82F7-E36EF5E6FF46}.Debug|ARM64.Build.0 = Debug|Any CPU
		{5BAB60E1-E4E5-4C1C-82F7-E36EF5E6FF46}.Debug|x64.ActiveCfg = Debug|Any CPU
		{5BAB60E1-E4E5-4C1C-82F7-E36EF5E6FF46}.Debug|x64.Build.0 = Debug|Any CPU
		{5BAB60E1-E4E5-4C1C-82F7-E36EF5E6FF46}.Debug|x86.ActiveCfg = Debug|Any CPU
		{5BAB60E1-E4E5-4C1C-82F7-E36EF5E6FF46}.Debug|x86.Build.0 = Debug|Any CPU
		{5BAB60E1-E4E5-4C1C-82F7-E36EF5E6FF46}.Release|Any CPU.ActiveCfg = Release|Any CPU
		{5BAB60E1-E4E5-4C1C-82F7-E36EF5E6FF46}.Release|Any CPU.Build.0 = Release|Any CPU
		{5BAB60E1-E4E5-4C1C-82F7-E36EF5E6FF46}.Release|ARM.ActiveCfg = Release|Any CPU
		{5BAB60E1-E4E5-4C1C-82F7-E36EF5E6FF46}.Release|ARM.Build.0 = Release|Any CPU
		{5BAB60E1-E4E5-4C1C-82F7-E36EF5E6FF46}.Release|ARM64.ActiveCfg = Release|Any CPU
		{5BAB60E1-E4E5-4C1C-82F7-E36EF5E6FF46}.Release|ARM64.Build.0 = Release|Any CPU
		{5BAB60E1-E4E5-4C1C-82F7-E36EF5E6FF46}.Release|x64.ActiveCfg = Release|Any CPU
		{5BAB60E1-E4E5-4C1C-82F7-E36EF5E6FF46}.Release|x64.Build.0 = Release|Any CPU
		{5BAB60E1-E4E5-4C1C-82F7-E36EF5E6FF46}.Release|x86.ActiveCfg = Release|Any CPU
		{5BAB60E1-E4E5-4C1C-82F7-E36EF5E6FF46}.Release|x86.Build.0 = Release|Any CPU
		{927550EC-F765-43A4-A4AD-1BED6BC7D6B8}.Debug|Any CPU.ActiveCfg = Debug|Any CPU
		{927550EC-F765-43A4-A4AD-1BED6BC7D6B8}.Debug|Any CPU.Build.0 = Debug|Any CPU
		{927550EC-F765-43A4-A4AD-1BED6BC7D6B8}.Debug|ARM.ActiveCfg = Debug|Any CPU
		{927550EC-F765-43A4-A4AD-1BED6BC7D6B8}.Debug|ARM.Build.0 = Debug|Any CPU
		{927550EC-F765-43A4-A4AD-1BED6BC7D6B8}.Debug|ARM64.ActiveCfg = Debug|Any CPU
		{927550EC-F765-43A4-A4AD-1BED6BC7D6B8}.Debug|ARM64.Build.0 = Debug|Any CPU
		{927550EC-F765-43A4-A4AD-1BED6BC7D6B8}.Debug|x64.ActiveCfg = Debug|Any CPU
		{927550EC-F765-43A4-A4AD-1BED6BC7D6B8}.Debug|x64.Build.0 = Debug|Any CPU
		{927550EC-F765-43A4-A4AD-1BED6BC7D6B8}.Debug|x86.ActiveCfg = Debug|Any CPU
		{927550EC-F765-43A4-A4AD-1BED6BC7D6B8}.Debug|x86.Build.0 = Debug|Any CPU
		{927550EC-F765-43A4-A4AD-1BED6BC7D6B8}.Release|Any CPU.ActiveCfg = Release|Any CPU
		{927550EC-F765-43A4-A4AD-1BED6BC7D6B8}.Release|Any CPU.Build.0 = Release|Any CPU
		{927550EC-F765-43A4-A4AD-1BED6BC7D6B8}.Release|ARM.ActiveCfg = Release|Any CPU
		{927550EC-F765-43A4-A4AD-1BED6BC7D6B8}.Release|ARM.Build.0 = Release|Any CPU
		{927550EC-F765-43A4-A4AD-1BED6BC7D6B8}.Release|ARM64.ActiveCfg = Release|Any CPU
		{927550EC-F765-43A4-A4AD-1BED6BC7D6B8}.Release|ARM64.Build.0 = Release|Any CPU
		{927550EC-F765-43A4-A4AD-1BED6BC7D6B8}.Release|x64.ActiveCfg = Release|Any CPU
		{927550EC-F765-43A4-A4AD-1BED6BC7D6B8}.Release|x64.Build.0 = Release|Any CPU
		{927550EC-F765-43A4-A4AD-1BED6BC7D6B8}.Release|x86.ActiveCfg = Release|Any CPU
		{927550EC-F765-43A4-A4AD-1BED6BC7D6B8}.Release|x86.Build.0 = Release|Any CPU
		{4CEBBC54-2C3F-46E9-9C75-7ECEDE952036}.Debug|Any CPU.ActiveCfg = Debug|Any CPU
		{4CEBBC54-2C3F-46E9-9C75-7ECEDE952036}.Debug|Any CPU.Build.0 = Debug|Any CPU
		{4CEBBC54-2C3F-46E9-9C75-7ECEDE952036}.Debug|ARM.ActiveCfg = Debug|Any CPU
		{4CEBBC54-2C3F-46E9-9C75-7ECEDE952036}.Debug|ARM.Build.0 = Debug|Any CPU
		{4CEBBC54-2C3F-46E9-9C75-7ECEDE952036}.Debug|ARM64.ActiveCfg = Debug|Any CPU
		{4CEBBC54-2C3F-46E9-9C75-7ECEDE952036}.Debug|ARM64.Build.0 = Debug|Any CPU
		{4CEBBC54-2C3F-46E9-9C75-7ECEDE952036}.Debug|x64.ActiveCfg = Debug|Any CPU
		{4CEBBC54-2C3F-46E9-9C75-7ECEDE952036}.Debug|x64.Build.0 = Debug|Any CPU
		{4CEBBC54-2C3F-46E9-9C75-7ECEDE952036}.Debug|x86.ActiveCfg = Debug|Any CPU
		{4CEBBC54-2C3F-46E9-9C75-7ECEDE952036}.Debug|x86.Build.0 = Debug|Any CPU
		{4CEBBC54-2C3F-46E9-9C75-7ECEDE952036}.Release|Any CPU.ActiveCfg = Release|Any CPU
		{4CEBBC54-2C3F-46E9-9C75-7ECEDE952036}.Release|Any CPU.Build.0 = Release|Any CPU
		{4CEBBC54-2C3F-46E9-9C75-7ECEDE952036}.Release|ARM.ActiveCfg = Release|Any CPU
		{4CEBBC54-2C3F-46E9-9C75-7ECEDE952036}.Release|ARM.Build.0 = Release|Any CPU
		{4CEBBC54-2C3F-46E9-9C75-7ECEDE952036}.Release|ARM64.ActiveCfg = Release|Any CPU
		{4CEBBC54-2C3F-46E9-9C75-7ECEDE952036}.Release|ARM64.Build.0 = Release|Any CPU
		{4CEBBC54-2C3F-46E9-9C75-7ECEDE952036}.Release|x64.ActiveCfg = Release|Any CPU
		{4CEBBC54-2C3F-46E9-9C75-7ECEDE952036}.Release|x64.Build.0 = Release|Any CPU
		{4CEBBC54-2C3F-46E9-9C75-7ECEDE952036}.Release|x86.ActiveCfg = Release|Any CPU
		{4CEBBC54-2C3F-46E9-9C75-7ECEDE952036}.Release|x86.Build.0 = Release|Any CPU
	EndGlobalSection
	GlobalSection(SolutionProperties) = preSolution
		HideSolutionNode = FALSE
	EndGlobalSection
	GlobalSection(ExtensibilityGlobals) = postSolution
		SolutionGuid = {35A16BF4-DEBB-4630-83DE-A401AAF857A6}
	EndGlobalSection
EndGlobal
